
Microsoft Visual Studio Solution File, Format Version 12.00
# Visual Studio Version 17
VisualStudioVersion = 17.7.34031.279
MinimumVisualStudioVersion = 10.0.40219.1
Project("{FAE04EC0-301F-11D3-BF4B-00C04F79EFBC}") = "ZadanieTKExam", "ZadanieTKExam\ZadanieTKExam.csproj", "{4B803C87-58FF-4A6E-93DB-26536C31C6CC}"
EndProject
Project("{FAE04EC0-301F-11D3-BF4B-00C04F79EFBC}") = "UnitTestProject", "UnitTestProject\UnitTestProject.csproj", "{60FA81CB-37CC-4D14-B2F9-B5142C399E23}"
EndProject
Global
	GlobalSection(SolutionConfigurationPlatforms) = preSolution
		Debug|Any CPU = Debug|Any CPU
		Release|Any CPU = Release|Any CPU
	EndGlobalSection
	GlobalSection(ProjectConfigurationPlatforms) = postSolution
		{4B803C87-58FF-4A6E-93DB-26536C31C6CC}.Debug|Any CPU.ActiveCfg = Debug|Any CPU
		{4B803C87-58FF-4A6E-93DB-26536C31C6CC}.Debug|Any CPU.Build.0 = Debug|Any CPU
		{4B803C87-58FF-4A6E-93DB-26536C31C6CC}.Release|Any CPU.ActiveCfg = Release|Any CPU
		{4B803C87-58FF-4A6E-93DB-26536C31C6CC}.Release|Any CPU.Build.0 = Release|Any CPU
		{60FA81CB-37CC-4D14-B2F9-B5142C399E23}.Debug|Any CPU.ActiveCfg = Debug|Any CPU
		{60FA81CB-37CC-4D14-B2F9-B5142C399E23}.Debug|Any CPU.Build.0 = Debug|Any CPU
		{60FA81CB-37CC-4D14-B2F9-B5142C399E23}.Release|Any CPU.ActiveCfg = Release|Any CPU
		{60FA81CB-37CC-4D14-B2F9-B5142C399E23}.Release|Any CPU.Build.0 = Release|Any CPU
	EndGlobalSection
	GlobalSection(SolutionProperties) = preSolution
		HideSolutionNode = FALSE
	EndGlobalSection
	GlobalSection(ExtensibilityGlobals) = postSolution
		SolutionGuid = {D61CCA69-A4E8-481A-B731-E0DD6B05FFFA}
	EndGlobalSection
EndGlobal
